#MicroXplorer Configuration settings - do not modify
ADC1.Channel-1\#ChannelRegularConversion=ADC_CHANNEL_4
ADC1.IPParameters=Rank-1\#ChannelRegularConversion,master,Channel-1\#ChannelRegularConversion,SamplingTime-1\#ChannelRegularConversion,OffsetNumber-1\#ChannelRegularConversion,OffsetSignedSaturation-1\#ChannelRegularConversion,NbrOfConversionFlag
ADC1.NbrOfConversionFlag=1
ADC1.OffsetNumber-1\#ChannelRegularConversion=ADC_OFFSET_NONE
ADC1.OffsetSignedSaturation-1\#ChannelRegularConversion=DISABLE
ADC1.Rank-1\#ChannelRegularConversion=1
ADC1.SamplingTime-1\#ChannelRegularConversion=ADC_SAMPLETIME_1CYCLE_5
ADC1.master=1
CAD.formats=
CAD.pinconfig=
CAD.provider=
CORTEX_M7.AccessPermission-Cortex_Memory_Protection_Unit_Region0_Settings=MPU_REGION_FULL_ACCESS
CORTEX_M7.BaseAddress-Cortex_Memory_Protection_Unit_Region0_Settings=0x24000000
CORTEX_M7.CPU_DCache=Enabled
CORTEX_M7.CPU_ICache=Enabled
CORTEX_M7.Enable-Cortex_Memory_Protection_Unit_Region0_Settings=MPU_REGION_ENABLE
CORTEX_M7.IPParameters=default_mode_Activation,CPU_ICache,CPU_DCache,MPU_Control,Enable-Cortex_Memory_Protection_Unit_Region0_Settings,BaseAddress-Cortex_Memory_Protection_Unit_Region0_Settings,Size-Cortex_Memory_Protection_Unit_Region0_Settings,TypeExtField-Cortex_Memory_Protection_Unit_Region0_Settings,AccessPermission-Cortex_Memory_Protection_Unit_Region0_Settings,IsCacheable-Cortex_Memory_Protection_Unit_Region0_Settings,IsBufferable-Cortex_Memory_Protection_Unit_Region0_Settings
CORTEX_M7.IsBufferable-Cortex_Memory_Protection_Unit_Region0_Settings=MPU_ACCESS_BUFFERABLE
CORTEX_M7.IsCacheable-Cortex_Memory_Protection_Unit_Region0_Settings=MPU_ACCESS_CACHEABLE
CORTEX_M7.MPU_Control=MPU_HFNMI_PRIVDEF
CORTEX_M7.Size-Cortex_Memory_Protection_Unit_Region0_Settings=MPU_REGION_SIZE_512KB
CORTEX_M7.TypeExtField-Cortex_Memory_Protection_Unit_Region0_Settings=MPU_TEX_LEVEL1
CORTEX_M7.default_mode_Activation=0
DCMI.IPParameters=PCKPolarity,JPEGMode
DCMI.JPEGMode=DCMI_JPEG_ENABLE
DCMI.PCKPolarity=DCMI_PCKPOLARITY_RISING
Dma.DCMI.11.Direction=DMA_PERIPH_TO_MEMORY
Dma.DCMI.11.EventEnable=DISABLE
Dma.DCMI.11.FIFOMode=DMA_FIFOMODE_DISABLE
Dma.DCMI.11.Instance=DMA2_Stream4
Dma.DCMI.11.MemDataAlignment=DMA_MDATAALIGN_WORD
Dma.DCMI.11.MemInc=DMA_MINC_ENABLE
Dma.DCMI.11.Mode=DMA_NORMAL
Dma.DCMI.11.PeriphDataAlignment=DMA_PDATAALIGN_WORD
Dma.DCMI.11.PeriphInc=DMA_PINC_DISABLE
Dma.DCMI.11.Polarity=HAL_DMAMUX_REQ_GEN_RISING
Dma.DCMI.11.Priority=DMA_PRIORITY_LOW
Dma.DCMI.11.RequestNumber=1
Dma.DCMI.11.RequestParameters=Instance,Direction,PeriphInc,MemInc,PeriphDataAlignment,MemDataAlignment,Mode,Priority,FIFOMode,SignalID,Polarity,RequestNumber,SyncSignalID,SyncPolarity,SyncEnable,EventEnable,SyncRequestNumber
Dma.DCMI.11.SignalID=NONE
Dma.DCMI.11.SyncEnable=DISABLE
Dma.DCMI.11.SyncPolarity=HAL_DMAMUX_SYNC_NO_EVENT
Dma.DCMI.11.SyncRequestNumber=1
Dma.DCMI.11.SyncSignalID=NONE
Dma.Request0=USART1_RX
Dma.Request1=USART1_TX
Dma.Request10=SPI2_TX
Dma.Request11=DCMI
Dma.Request12=SPI1_TX
Dma.Request13=SPI1_RX
Dma.Request14=UART7_TX
Dma.Request2=USART2_RX
Dma.Request3=USART2_TX
Dma.Request4=USART3_RX
Dma.Request5=UART8_RX
Dma.Request6=UART9_RX
Dma.Request7=USART10_RX
Dma.Request8=UART7_RX
Dma.Request9=SPI2_RX
Dma.RequestsNb=15
Dma.SPI1_RX.13.Direction=DMA_PERIPH_TO_MEMORY
Dma.SPI1_RX.13.EventEnable=DISABLE
Dma.SPI1_RX.13.FIFOMode=DMA_FIFOMODE_DISABLE
Dma.SPI1_RX.13.Instance=DMA2_Stream6
Dma.SPI1_RX.13.MemDataAlignment=DMA_MDATAALIGN_BYTE
Dma.SPI1_RX.13.MemInc=DMA_MINC_ENABLE
Dma.SPI1_RX.13.Mode=DMA_NORMAL
Dma.SPI1_RX.13.PeriphDataAlignment=DMA_PDATAALIGN_BYTE
Dma.SPI1_RX.13.PeriphInc=DMA_PINC_DISABLE
Dma.SPI1_RX.13.Polarity=HAL_DMAMUX_REQ_GEN_RISING
Dma.SPI1_RX.13.Priority=DMA_PRIORITY_MEDIUM
Dma.SPI1_RX.13.RequestNumber=1
Dma.SPI1_RX.13.RequestParameters=Instance,Direction,PeriphInc,MemInc,PeriphDataAlignment,MemDataAlignment,Mode,Priority,FIFOMode,SignalID,Polarity,RequestNumber,SyncSignalID,SyncPolarity,SyncEnable,EventEnable,SyncRequestNumber
Dma.SPI1_RX.13.SignalID=NONE
Dma.SPI1_RX.13.SyncEnable=DISABLE
Dma.SPI1_RX.13.SyncPolarity=HAL_DMAMUX_SYNC_NO_EVENT
Dma.SPI1_RX.13.SyncRequestNumber=1
Dma.SPI1_RX.13.SyncSignalID=NONE
Dma.SPI1_TX.12.Direction=DMA_MEMORY_TO_PERIPH
Dma.SPI1_TX.12.EventEnable=DISABLE
Dma.SPI1_TX.12.FIFOMode=DMA_FIFOMODE_DISABLE
Dma.SPI1_TX.12.Instance=DMA2_Stream5
Dma.SPI1_TX.12.MemDataAlignment=DMA_MDATAALIGN_BYTE
Dma.SPI1_TX.12.MemInc=DMA_MINC_ENABLE
Dma.SPI1_TX.12.Mode=DMA_NORMAL
Dma.SPI1_TX.12.PeriphDataAlignment=DMA_PDATAALIGN_BYTE
Dma.SPI1_TX.12.PeriphInc=DMA_PINC_DISABLE
Dma.SPI1_TX.12.Polarity=HAL_DMAMUX_REQ_GEN_RISING
Dma.SPI1_TX.12.Priority=DMA_PRIORITY_MEDIUM
Dma.SPI1_TX.12.RequestNumber=1
Dma.SPI1_TX.12.RequestParameters=Instance,Direction,PeriphInc,MemInc,PeriphDataAlignment,MemDataAlignment,Mode,Priority,FIFOMode,SignalID,Polarity,RequestNumber,SyncSignalID,SyncPolarity,SyncEnable,EventEnable,SyncRequestNumber
Dma.SPI1_TX.12.SignalID=NONE
Dma.SPI1_TX.12.SyncEnable=DISABLE
Dma.SPI1_TX.12.SyncPolarity=HAL_DMAMUX_SYNC_NO_EVENT
Dma.SPI1_TX.12.SyncRequestNumber=1
Dma.SPI1_TX.12.SyncSignalID=NONE
Dma.SPI2_RX.9.Direction=DMA_PERIPH_TO_MEMORY
Dma.SPI2_RX.9.EventEnable=DISABLE
Dma.SPI2_RX.9.FIFOMode=DMA_FIFOMODE_DISABLE
Dma.SPI2_RX.9.Instance=DMA2_Stream2
Dma.SPI2_RX.9.MemDataAlignment=DMA_MDATAALIGN_BYTE
Dma.SPI2_RX.9.MemInc=DMA_MINC_ENABLE
Dma.SPI2_RX.9.Mode=DMA_NORMAL
Dma.SPI2_RX.9.PeriphDataAlignment=DMA_PDATAALIGN_BYTE
Dma.SPI2_RX.9.PeriphInc=DMA_PINC_DISABLE
Dma.SPI2_RX.9.Polarity=HAL_DMAMUX_REQ_GEN_RISING
Dma.SPI2_RX.9.Priority=DMA_PRIORITY_VERY_HIGH
Dma.SPI2_RX.9.RequestNumber=1
Dma.SPI2_RX.9.RequestParameters=Instance,Direction,PeriphInc,MemInc,PeriphDataAlignment,MemDataAlignment,Mode,Priority,FIFOMode,SignalID,Polarity,RequestNumber,SyncSignalID,SyncPolarity,SyncEnable,EventEnable,SyncRequestNumber
Dma.SPI2_RX.9.SignalID=NONE
Dma.SPI2_RX.9.SyncEnable=DISABLE
Dma.SPI2_RX.9.SyncPolarity=HAL_DMAMUX_SYNC_NO_EVENT
Dma.SPI2_RX.9.SyncRequestNumber=1
Dma.SPI2_RX.9.SyncSignalID=NONE
Dma.SPI2_TX.10.Direction=DMA_MEMORY_TO_PERIPH
Dma.SPI2_TX.10.EventEnable=DISABLE
Dma.SPI2_TX.10.FIFOMode=DMA_FIFOMODE_DISABLE
Dma.SPI2_TX.10.Instance=DMA2_Stream3
Dma.SPI2_TX.10.MemDataAlignment=DMA_MDATAALIGN_BYTE
Dma.SPI2_TX.10.MemInc=DMA_MINC_ENABLE
Dma.SPI2_TX.10.Mode=DMA_NORMAL
Dma.SPI2_TX.10.PeriphDataAlignment=DMA_PDATAALIGN_BYTE
Dma.SPI2_TX.10.PeriphInc=DMA_PINC_DISABLE
Dma.SPI2_TX.10.Polarity=HAL_DMAMUX_REQ_GEN_RISING
Dma.SPI2_TX.10.Priority=DMA_PRIORITY_VERY_HIGH
Dma.SPI2_TX.10.RequestNumber=1
Dma.SPI2_TX.10.RequestParameters=Instance,Direction,PeriphInc,MemInc,PeriphDataAlignment,MemDataAlignment,Mode,Priority,FIFOMode,SignalID,Polarity,RequestNumber,SyncSignalID,SyncPolarity,SyncEnable,EventEnable,SyncRequestNumber
Dma.SPI2_TX.10.SignalID=NONE
Dma.SPI2_TX.10.SyncEnable=DISABLE
Dma.SPI2_TX.10.SyncPolarity=HAL_DMAMUX_SYNC_NO_EVENT
Dma.SPI2_TX.10.SyncRequestNumber=1
Dma.SPI2_TX.10.SyncSignalID=NONE
Dma.UART7_RX.8.Direction=DMA_PERIPH_TO_MEMORY
Dma.UART7_RX.8.EventEnable=DISABLE
Dma.UART7_RX.8.FIFOMode=DMA_FIFOMODE_DISABLE
Dma.UART7_RX.8.Instance=DMA2_Stream1
Dma.UART7_RX.8.MemDataAlignment=DMA_MDATAALIGN_BYTE
Dma.UART7_RX.8.MemInc=DMA_MINC_ENABLE
Dma.UART7_RX.8.Mode=DMA_NORMAL
Dma.UART7_RX.8.PeriphDataAlignment=DMA_PDATAALIGN_BYTE
Dma.UART7_RX.8.PeriphInc=DMA_PINC_DISABLE
Dma.UART7_RX.8.Polarity=HAL_DMAMUX_REQ_GEN_RISING
Dma.UART7_RX.8.Priority=DMA_PRIORITY_VERY_HIGH
Dma.UART7_RX.8.RequestNumber=1
Dma.UART7_RX.8.RequestParameters=Instance,Direction,PeriphInc,MemInc,PeriphDataAlignment,MemDataAlignment,Mode,Priority,FIFOMode,SignalID,Polarity,RequestNumber,SyncSignalID,SyncPolarity,SyncEnable,EventEnable,SyncRequestNumber
Dma.UART7_RX.8.SignalID=NONE
Dma.UART7_RX.8.SyncEnable=DISABLE
Dma.UART7_RX.8.SyncPolarity=HAL_DMAMUX_SYNC_NO_EVENT
Dma.UART7_RX.8.SyncRequestNumber=1
Dma.UART7_RX.8.SyncSignalID=NONE
Dma.UART7_TX.14.Direction=DMA_MEMORY_TO_PERIPH
Dma.UART7_TX.14.EventEnable=DISABLE
Dma.UART7_TX.14.FIFOMode=DMA_FIFOMODE_DISABLE
Dma.UART7_TX.14.Instance=DMA1_Stream5
Dma.UART7_TX.14.MemDataAlignment=DMA_MDATAALIGN_BYTE
Dma.UART7_TX.14.MemInc=DMA_MINC_ENABLE
Dma.UART7_TX.14.Mode=DMA_NORMAL
Dma.UART7_TX.14.PeriphDataAlignment=DMA_PDATAALIGN_BYTE
Dma.UART7_TX.14.PeriphInc=DMA_PINC_DISABLE
Dma.UART7_TX.14.Polarity=HAL_DMAMUX_REQ_GEN_RISING
Dma.UART7_TX.14.Priority=DMA_PRIORITY_VERY_HIGH
Dma.UART7_TX.14.RequestNumber=1
Dma.UART7_TX.14.RequestParameters=Instance,Direction,PeriphInc,MemInc,PeriphDataAlignment,MemDataAlignment,Mode,Priority,FIFOMode,SignalID,Polarity,RequestNumber,SyncSignalID,SyncPolarity,SyncEnable,EventEnable,SyncRequestNumber
Dma.UART7_TX.14.SignalID=NONE
Dma.UART7_TX.14.SyncEnable=DISABLE
Dma.UART7_TX.14.SyncPolarity=HAL_DMAMUX_SYNC_NO_EVENT
Dma.UART7_TX.14.SyncRequestNumber=1
Dma.UART7_TX.14.SyncSignalID=NONE
Dma.UART8_RX.5.Direction=DMA_PERIPH_TO_MEMORY
Dma.UART8_RX.5.EventEnable=DISABLE
Dma.UART8_RX.5.FIFOMode=DMA_FIFOMODE_DISABLE
Dma.UART8_RX.5.Instance=DMA1_Stream6
Dma.UART8_RX.5.MemDataAlignment=DMA_MDATAALIGN_BYTE
Dma.UART8_RX.5.MemInc=DMA_MINC_ENABLE
Dma.UART8_RX.5.Mode=DMA_NORMAL
Dma.UART8_RX.5.PeriphDataAlignment=DMA_PDATAALIGN_BYTE
Dma.UART8_RX.5.PeriphInc=DMA_PINC_DISABLE
Dma.UART8_RX.5.Polarity=HAL_DMAMUX_REQ_GEN_RISING
Dma.UART8_RX.5.Priority=DMA_PRIORITY_MEDIUM
Dma.UART8_RX.5.RequestNumber=1
Dma.UART8_RX.5.RequestParameters=Instance,Direction,PeriphInc,MemInc,PeriphDataAlignment,MemDataAlignment,Mode,Priority,FIFOMode,SignalID,Polarity,RequestNumber,SyncSignalID,SyncPolarity,SyncEnable,EventEnable,SyncRequestNumber
Dma.UART8_RX.5.SignalID=NONE
Dma.UART8_RX.5.SyncEnable=DISABLE
Dma.UART8_RX.5.SyncPolarity=HAL_DMAMUX_SYNC_NO_EVENT
Dma.UART8_RX.5.SyncRequestNumber=1
Dma.UART8_RX.5.SyncSignalID=NONE
Dma.UART9_RX.6.Direction=DMA_PERIPH_TO_MEMORY
Dma.UART9_RX.6.EventEnable=DISABLE
Dma.UART9_RX.6.FIFOMode=DMA_FIFOMODE_DISABLE
Dma.UART9_RX.6.Instance=DMA1_Stream7
Dma.UART9_RX.6.MemDataAlignment=DMA_MDATAALIGN_BYTE
Dma.UART9_RX.6.MemInc=DMA_MINC_ENABLE
Dma.UART9_RX.6.Mode=DMA_NORMAL
Dma.UART9_RX.6.PeriphDataAlignment=DMA_PDATAALIGN_BYTE
Dma.UART9_RX.6.PeriphInc=DMA_PINC_DISABLE
Dma.UART9_RX.6.Polarity=HAL_DMAMUX_REQ_GEN_RISING
Dma.UART9_RX.6.Priority=DMA_PRIORITY_MEDIUM
Dma.UART9_RX.6.RequestNumber=1
Dma.UART9_RX.6.RequestParameters=Instance,Direction,PeriphInc,MemInc,PeriphDataAlignment,MemDataAlignment,Mode,Priority,FIFOMode,SignalID,Polarity,RequestNumber,SyncSignalID,SyncPolarity,SyncEnable,EventEnable,SyncRequestNumber
Dma.UART9_RX.6.SignalID=NONE
Dma.UART9_RX.6.SyncEnable=DISABLE
Dma.UART9_RX.6.SyncPolarity=HAL_DMAMUX_SYNC_NO_EVENT
Dma.UART9_RX.6.SyncRequestNumber=1
Dma.UART9_RX.6.SyncSignalID=NONE
Dma.USART10_RX.7.Direction=DMA_PERIPH_TO_MEMORY
Dma.USART10_RX.7.EventEnable=DISABLE
Dma.USART10_RX.7.FIFOMode=DMA_FIFOMODE_DISABLE
Dma.USART10_RX.7.Instance=DMA2_Stream0
Dma.USART10_RX.7.MemDataAlignment=DMA_MDATAALIGN_BYTE
Dma.USART10_RX.7.MemInc=DMA_MINC_ENABLE
Dma.USART10_RX.7.Mode=DMA_NORMAL
Dma.USART10_RX.7.PeriphDataAlignment=DMA_PDATAALIGN_BYTE
Dma.USART10_RX.7.PeriphInc=DMA_PINC_DISABLE
Dma.USART10_RX.7.Polarity=HAL_DMAMUX_REQ_GEN_RISING
Dma.USART10_RX.7.Priority=DMA_PRIORITY_HIGH
Dma.USART10_RX.7.RequestNumber=1
Dma.USART10_RX.7.RequestParameters=Instance,Direction,PeriphInc,MemInc,PeriphDataAlignment,MemDataAlignment,Mode,Priority,FIFOMode,SignalID,Polarity,RequestNumber,SyncSignalID,SyncPolarity,SyncEnable,EventEnable,SyncRequestNumber
Dma.USART10_RX.7.SignalID=NONE
Dma.USART10_RX.7.SyncEnable=DISABLE
Dma.USART10_RX.7.SyncPolarity=HAL_DMAMUX_SYNC_NO_EVENT
Dma.USART10_RX.7.SyncRequestNumber=1
Dma.USART10_RX.7.SyncSignalID=NONE
Dma.USART1_RX.0.Direction=DMA_PERIPH_TO_MEMORY
Dma.USART1_RX.0.EventEnable=DISABLE
Dma.USART1_RX.0.FIFOMode=DMA_FIFOMODE_DISABLE
Dma.USART1_RX.0.Instance=DMA1_Stream0
Dma.USART1_RX.0.MemDataAlignment=DMA_MDATAALIGN_BYTE
Dma.USART1_RX.0.MemInc=DMA_MINC_ENABLE
Dma.USART1_RX.0.Mode=DMA_NORMAL
Dma.USART1_RX.0.PeriphDataAlignment=DMA_PDATAALIGN_BYTE
Dma.USART1_RX.0.PeriphInc=DMA_PINC_DISABLE
Dma.USART1_RX.0.Polarity=HAL_DMAMUX_REQ_GEN_RISING
Dma.USART1_RX.0.Priority=DMA_PRIORITY_VERY_HIGH
Dma.USART1_RX.0.RequestNumber=1
Dma.USART1_RX.0.RequestParameters=Instance,Direction,PeriphInc,MemInc,PeriphDataAlignment,MemDataAlignment,Mode,Priority,FIFOMode,SignalID,Polarity,RequestNumber,SyncSignalID,SyncPolarity,SyncEnable,EventEnable,SyncRequestNumber
Dma.USART1_RX.0.SignalID=NONE
Dma.USART1_RX.0.SyncEnable=DISABLE
Dma.USART1_RX.0.SyncPolarity=HAL_DMAMUX_SYNC_NO_EVENT
Dma.USART1_RX.0.SyncRequestNumber=1
Dma.USART1_RX.0.SyncSignalID=NONE
Dma.USART1_TX.1.Direction=DMA_MEMORY_TO_PERIPH
Dma.USART1_TX.1.EventEnable=DISABLE
Dma.USART1_TX.1.FIFOMode=DMA_FIFOMODE_DISABLE
Dma.USART1_TX.1.Instance=DMA1_Stream1
Dma.USART1_TX.1.MemDataAlignment=DMA_MDATAALIGN_BYTE
Dma.USART1_TX.1.MemInc=DMA_MINC_ENABLE
Dma.USART1_TX.1.Mode=DMA_NORMAL
Dma.USART1_TX.1.PeriphDataAlignment=DMA_PDATAALIGN_BYTE
Dma.USART1_TX.1.PeriphInc=DMA_PINC_DISABLE
Dma.USART1_TX.1.Polarity=HAL_DMAMUX_REQ_GEN_RISING
Dma.USART1_TX.1.Priority=DMA_PRIORITY_VERY_HIGH
Dma.USART1_TX.1.RequestNumber=1
Dma.USART1_TX.1.RequestParameters=Instance,Direction,PeriphInc,MemInc,PeriphDataAlignment,MemDataAlignment,Mode,Priority,FIFOMode,SignalID,Polarity,RequestNumber,SyncSignalID,SyncPolarity,SyncEnable,EventEnable,SyncRequestNumber
Dma.USART1_TX.1.SignalID=NONE
Dma.USART1_TX.1.SyncEnable=DISABLE
Dma.USART1_TX.1.SyncPolarity=HAL_DMAMUX_SYNC_NO_EVENT
Dma.USART1_TX.1.SyncRequestNumber=1
Dma.USART1_TX.1.SyncSignalID=NONE
Dma.USART2_RX.2.Direction=DMA_PERIPH_TO_MEMORY
Dma.USART2_RX.2.EventEnable=DISABLE
Dma.USART2_RX.2.FIFOMode=DMA_FIFOMODE_DISABLE
Dma.USART2_RX.2.Instance=DMA1_Stream2
Dma.USART2_RX.2.MemDataAlignment=DMA_MDATAALIGN_BYTE
Dma.USART2_RX.2.MemInc=DMA_MINC_ENABLE
Dma.USART2_RX.2.Mode=DMA_NORMAL
Dma.USART2_RX.2.PeriphDataAlignment=DMA_PDATAALIGN_BYTE
Dma.USART2_RX.2.PeriphInc=DMA_PINC_DISABLE
Dma.USART2_RX.2.Polarity=HAL_DMAMUX_REQ_GEN_RISING
Dma.USART2_RX.2.Priority=DMA_PRIORITY_VERY_HIGH
Dma.USART2_RX.2.RequestNumber=1
Dma.USART2_RX.2.RequestParameters=Instance,Direction,PeriphInc,MemInc,PeriphDataAlignment,MemDataAlignment,Mode,Priority,FIFOMode,SignalID,Polarity,RequestNumber,SyncSignalID,SyncPolarity,SyncEnable,EventEnable,SyncRequestNumber
Dma.USART2_RX.2.SignalID=NONE
Dma.USART2_RX.2.SyncEnable=DISABLE
Dma.USART2_RX.2.SyncPolarity=HAL_DMAMUX_SYNC_NO_EVENT
Dma.USART2_RX.2.SyncRequestNumber=1
Dma.USART2_RX.2.SyncSignalID=NONE
Dma.USART2_TX.3.Direction=DMA_MEMORY_TO_PERIPH
Dma.USART2_TX.3.EventEnable=DISABLE
Dma.USART2_TX.3.FIFOMode=DMA_FIFOMODE_DISABLE
Dma.USART2_TX.3.Instance=DMA1_Stream3
Dma.USART2_TX.3.MemDataAlignment=DMA_MDATAALIGN_BYTE
Dma.USART2_TX.3.MemInc=DMA_MINC_ENABLE
Dma.USART2_TX.3.Mode=DMA_NORMAL
Dma.USART2_TX.3.PeriphDataAlignment=DMA_PDATAALIGN_BYTE
Dma.USART2_TX.3.PeriphInc=DMA_PINC_DISABLE
Dma.USART2_TX.3.Polarity=HAL_DMAMUX_REQ_GEN_RISING
Dma.USART2_TX.3.Priority=DMA_PRIORITY_VERY_HIGH
Dma.USART2_TX.3.RequestNumber=1
Dma.USART2_TX.3.RequestParameters=Instance,Direction,PeriphInc,MemInc,PeriphDataAlignment,MemDataAlignment,Mode,Priority,FIFOMode,SignalID,Polarity,RequestNumber,SyncSignalID,SyncPolarity,SyncEnable,EventEnable,SyncRequestNumber
Dma.USART2_TX.3.SignalID=NONE
Dma.USART2_TX.3.SyncEnable=DISABLE
Dma.USART2_TX.3.SyncPolarity=HAL_DMAMUX_SYNC_NO_EVENT
Dma.USART2_TX.3.SyncRequestNumber=1
Dma.USART2_TX.3.SyncSignalID=NONE
Dma.USART3_RX.4.Direction=DMA_PERIPH_TO_MEMORY
Dma.USART3_RX.4.EventEnable=DISABLE
Dma.USART3_RX.4.FIFOMode=DMA_FIFOMODE_DISABLE
Dma.USART3_RX.4.Instance=DMA1_Stream4
Dma.USART3_RX.4.MemDataAlignment=DMA_MDATAALIGN_BYTE
Dma.USART3_RX.4.MemInc=DMA_MINC_ENABLE
Dma.USART3_RX.4.Mode=DMA_NORMAL
Dma.USART3_RX.4.PeriphDataAlignment=DMA_PDATAALIGN_BYTE
Dma.USART3_RX.4.PeriphInc=DMA_PINC_DISABLE
Dma.USART3_RX.4.Polarity=HAL_DMAMUX_REQ_GEN_RISING
Dma.USART3_RX.4.Priority=DMA_PRIORITY_MEDIUM
Dma.USART3_RX.4.RequestNumber=1
Dma.USART3_RX.4.RequestParameters=Instance,Direction,PeriphInc,MemInc,PeriphDataAlignment,MemDataAlignment,Mode,Priority,FIFOMode,SignalID,Polarity,RequestNumber,SyncSignalID,SyncPolarity,SyncEnable,EventEnable,SyncRequestNumber
Dma.USART3_RX.4.SignalID=NONE
Dma.USART3_RX.4.SyncEnable=DISABLE
Dma.USART3_RX.4.SyncPolarity=HAL_DMAMUX_SYNC_NO_EVENT
Dma.USART3_RX.4.SyncRequestNumber=1
Dma.USART3_RX.4.SyncSignalID=NONE
FDCAN1.CalculateBaudRateNominal=1000000
FDCAN1.CalculateTimeBitNominal=1000
FDCAN1.CalculateTimeQuantumNominal=142.85714285714286
FDCAN1.IPParameters=CalculateTimeQuantumNominal,CalculateTimeBitNominal,CalculateBaudRateNominal,NominalPrescaler,NominalTimeSeg1
FDCAN1.NominalPrescaler=12
FDCAN1.NominalTimeSeg1=4
FDCAN2.CalculateBaudRateNominal=1000000
FDCAN2.CalculateTimeBitNominal=1000
FDCAN2.CalculateTimeQuantumNominal=142.85714285714286
FDCAN2.IPParameters=CalculateTimeQuantumNominal,CalculateTimeBitNominal,CalculateBaudRateNominal,NominalPrescaler,NominalTimeSeg1
FDCAN2.NominalPrescaler=12
FDCAN2.NominalTimeSeg1=4
FDCAN3.CalculateBaudRateNominal=1000000
FDCAN3.CalculateTimeBitNominal=1000
FDCAN3.CalculateTimeQuantumNominal=142.85714285714286
FDCAN3.IPParameters=CalculateTimeQuantumNominal,CalculateTimeBitNominal,CalculateBaudRateNominal,NominalPrescaler,NominalTimeSeg1
FDCAN3.NominalPrescaler=12
FDCAN3.NominalTimeSeg1=4
FREERTOS.INCLUDE_xTaskAbortDelay=0
FREERTOS.INCLUDE_xTaskGetHandle=0
FREERTOS.IPParameters=Tasks01,configTOTAL_HEAP_SIZE,configUSE_NEWLIB_REENTRANT,configENABLE_FPU,configCHECK_FOR_STACK_OVERFLOW,configGENERATE_RUN_TIME_STATS,INCLUDE_xTaskAbortDelay,INCLUDE_xTaskGetHandle
FREERTOS.Tasks01=defaultTask,24,128,StartDefaultTask,Default,NULL,Dynamic,NULL,NULL
FREERTOS.configCHECK_FOR_STACK_OVERFLOW=2
FREERTOS.configENABLE_FPU=1
FREERTOS.configGENERATE_RUN_TIME_STATS=1
FREERTOS.configTOTAL_HEAP_SIZE=262144
FREERTOS.configUSE_NEWLIB_REENTRANT=1
File.Version=6
GPIO.groupedBy=Group By Peripherals
I2C2.IPParameters=Timing
I2C2.Timing=0x20303E5D
KeepUserPlacement=false
Mcu.CPN=STM32H723VGT6
Mcu.Family=STM32H7
Mcu.IP0=ADC1
Mcu.IP1=CORTEX_M7
Mcu.IP10=NVIC
Mcu.IP11=OCTOSPI2
Mcu.IP12=RCC
Mcu.IP13=SPI1
Mcu.IP14=SPI2
Mcu.IP15=SPI3
Mcu.IP16=SPI6
Mcu.IP17=SYS
Mcu.IP18=TIM1
Mcu.IP19=TIM2
Mcu.IP2=DCMI
Mcu.IP20=TIM3
Mcu.IP21=TIM12
Mcu.IP22=TIM23
Mcu.IP23=TIM24
Mcu.IP24=UART7
Mcu.IP25=UART8
Mcu.IP26=UART9
Mcu.IP27=USART1
Mcu.IP28=USART2
Mcu.IP29=USART3
Mcu.IP3=DEBUG
Mcu.IP30=USART10
Mcu.IP31=USB_DEVICE
Mcu.IP32=USB_OTG_HS
Mcu.IP4=DMA
Mcu.IP5=FDCAN1
Mcu.IP6=FDCAN2
Mcu.IP7=FDCAN3
Mcu.IP8=FREERTOS
Mcu.IP9=I2C2
Mcu.IPNb=33
Mcu.Name=STM32H723VGTx
Mcu.Package=LQFP100
Mcu.Pin0=PE2
Mcu.Pin1=PE3
Mcu.Pin10=PC0
Mcu.Pin11=PC1
Mcu.Pin12=PC2_C
Mcu.Pin13=PC3_C
Mcu.Pin14=PA0
Mcu.Pin15=PA1
Mcu.Pin16=PA2
Mcu.Pin17=PA3
Mcu.Pin18=PA4
Mcu.Pin19=PA5
Mcu.Pin2=PE4
Mcu.Pin20=PA6
Mcu.Pin21=PA7
Mcu.Pin22=PC4
Mcu.Pin23=PC5
Mcu.Pin24=PB0
Mcu.Pin25=PB1
Mcu.Pin26=PB2
Mcu.Pin27=PE7
Mcu.Pin28=PE8
Mcu.Pin29=PE9
Mcu.Pin3=PE5
Mcu.Pin30=PE10
Mcu.Pin31=PE11
Mcu.Pin32=PE12
Mcu.Pin33=PE13
Mcu.Pin34=PE15
Mcu.Pin35=PB10
Mcu.Pin36=PB11
Mcu.Pin37=PB13
Mcu.Pin38=PB14
Mcu.Pin39=PB15
Mcu.Pin4=PE6
Mcu.Pin40=PD8
Mcu.Pin41=PD9
Mcu.Pin42=PD11
Mcu.Pin43=PD12
Mcu.Pin44=PD13
Mcu.Pin45=PD14
Mcu.Pin46=PD15
Mcu.Pin47=PC6
Mcu.Pin48=PC7
Mcu.Pin49=PC8
Mcu.Pin5=PC13
Mcu.Pin50=PC9
Mcu.Pin51=PA8
Mcu.Pin52=PA9
Mcu.Pin53=PA10
Mcu.Pin54=PA11
Mcu.Pin55=PA12
Mcu.Pin56=PA13(JTMS/SWDIO)
Mcu.Pin57=PA14(JTCK/SWCLK)
Mcu.Pin58=PA15(JTDI)
Mcu.Pin59=PC10
Mcu.Pin6=PC14-OSC32_IN
Mcu.Pin60=PC11
Mcu.Pin61=PC12
Mcu.Pin62=PD0
Mcu.Pin63=PD1
Mcu.Pin64=PD2
Mcu.Pin65=PD3
Mcu.Pin66=PD4
Mcu.Pin67=PD5
Mcu.Pin68=PD6
Mcu.Pin69=PD7
Mcu.Pin7=PC15-OSC32_OUT
Mcu.Pin70=PB3(JTDO/TRACESWO)
Mcu.Pin71=PB4(NJTRST)
Mcu.Pin72=PB5
Mcu.Pin73=PB6
Mcu.Pin74=PB7
Mcu.Pin75=PE0
Mcu.Pin76=PE1
Mcu.Pin77=VP_FREERTOS_VS_CMSIS_V2
Mcu.Pin78=VP_OCTOSPI2_VS_quad
Mcu.Pin79=VP_SYS_VS_tim17
Mcu.Pin8=PH0-OSC_IN
Mcu.Pin80=VP_TIM23_VS_ClockSourceINT
Mcu.Pin81=VP_TIM24_VS_ClockSourceINT
Mcu.Pin82=VP_USB_DEVICE_VS_USB_DEVICE_CDC_HS
Mcu.Pin9=PH1-OSC_OUT
Mcu.PinsNb=83
Mcu.ThirdPartyNb=0
Mcu.UserConstants=
Mcu.UserName=STM32H723VGTx
MxCube.Version=6.10.0
MxDb.Version=DB.6.0.100
NVIC.BusFault_IRQn=true\:0\:0\:false\:false\:true\:false\:false\:false\:false
NVIC.DMA1_Stream0_IRQn=true\:5\:0\:false\:false\:true\:true\:false\:true\:true
NVIC.DMA1_Stream1_IRQn=true\:5\:0\:false\:false\:true\:true\:false\:true\:true
NVIC.DMA1_Stream2_IRQn=true\:5\:0\:false\:false\:true\:true\:false\:true\:true
NVIC.DMA1_Stream3_IRQn=true\:5\:0\:false\:false\:true\:true\:false\:true\:true
NVIC.DMA1_Stream4_IRQn=true\:5\:0\:false\:false\:true\:true\:false\:true\:true
NVIC.DMA1_Stream5_IRQn=true\:5\:0\:false\:false\:true\:true\:false\:true\:true
NVIC.DMA1_Stream6_IRQn=true\:5\:0\:false\:false\:true\:true\:false\:true\:true
NVIC.DMA1_Stream7_IRQn=true\:5\:0\:false\:false\:true\:true\:false\:true\:true
NVIC.DMA2_Stream0_IRQn=true\:5\:0\:false\:false\:true\:true\:false\:true\:true
NVIC.DMA2_Stream1_IRQn=true\:5\:0\:false\:false\:true\:true\:false\:true\:true
NVIC.DMA2_Stream2_IRQn=true\:5\:0\:false\:false\:true\:true\:false\:true\:true
NVIC.DMA2_Stream3_IRQn=true\:5\:0\:false\:false\:true\:true\:false\:true\:true
NVIC.DMA2_Stream4_IRQn=true\:5\:0\:false\:false\:true\:true\:false\:true\:true
NVIC.DMA2_Stream5_IRQn=true\:5\:0\:false\:false\:true\:true\:false\:true\:true
NVIC.DMA2_Stream6_IRQn=true\:5\:0\:false\:false\:true\:true\:false\:true\:true
NVIC.DebugMonitor_IRQn=true\:0\:0\:false\:false\:true\:false\:false\:false\:false
NVIC.EXTI15_10_IRQn=true\:5\:0\:false\:false\:true\:true\:true\:true\:true
NVIC.FDCAN1_IT0_IRQn=true\:5\:0\:false\:false\:true\:true\:true\:true\:true
NVIC.FDCAN2_IT0_IRQn=true\:5\:0\:false\:false\:true\:true\:true\:true\:true
NVIC.FDCAN3_IT0_IRQn=true\:5\:0\:false\:false\:true\:true\:true\:true\:true
NVIC.ForceEnableDMAVector=true
NVIC.HardFault_IRQn=true\:0\:0\:false\:false\:true\:false\:false\:false\:false
NVIC.MemoryManagement_IRQn=true\:0\:0\:false\:false\:true\:false\:false\:false\:false
NVIC.NonMaskableInt_IRQn=true\:0\:0\:false\:false\:true\:false\:false\:false\:false
NVIC.OTG_HS_EP1_IN_IRQn=true\:5\:0\:false\:false\:true\:true\:false\:true\:true
NVIC.OTG_HS_EP1_OUT_IRQn=true\:5\:0\:false\:false\:true\:true\:false\:true\:true
NVIC.OTG_HS_IRQn=true\:5\:0\:false\:false\:true\:true\:false\:true\:true
NVIC.PendSV_IRQn=true\:15\:0\:false\:false\:false\:true\:false\:false\:false
NVIC.PriorityGroup=NVIC_PRIORITYGROUP_4
NVIC.SPI1_IRQn=true\:5\:0\:false\:false\:true\:true\:false\:true\:true
NVIC.SPI2_IRQn=true\:5\:0\:false\:false\:true\:true\:false\:true\:true
NVIC.SPI6_IRQn=true\:5\:0\:false\:false\:true\:true\:true\:true\:true
NVIC.SVCall_IRQn=true\:0\:0\:false\:false\:false\:false\:false\:false\:false
NVIC.SavedPendsvIrqHandlerGenerated=true
NVIC.SavedSvcallIrqHandlerGenerated=true
NVIC.SavedSystickIrqHandlerGenerated=true
NVIC.SysTick_IRQn=true\:15\:0\:false\:false\:false\:true\:false\:true\:false
NVIC.TIM17_IRQn=true\:15\:0\:false\:false\:true\:false\:false\:true\:true
NVIC.TimeBase=TIM17_IRQn
NVIC.TimeBaseIP=TIM17
NVIC.UART7_IRQn=true\:5\:0\:false\:false\:true\:true\:true\:true\:true
NVIC.UART8_IRQn=true\:5\:0\:false\:false\:true\:true\:true\:true\:true
NVIC.UART9_IRQn=true\:5\:0\:false\:false\:true\:true\:true\:true\:true
NVIC.USART10_IRQn=true\:5\:0\:false\:false\:true\:true\:true\:true\:true
NVIC.USART1_IRQn=true\:5\:0\:false\:false\:true\:true\:true\:true\:true
NVIC.USART2_IRQn=true\:5\:0\:false\:false\:true\:true\:true\:true\:true
NVIC.USART3_IRQn=true\:5\:0\:false\:false\:true\:true\:true\:true\:true
NVIC.UsageFault_IRQn=true\:0\:0\:false\:false\:true\:false\:false\:false\:false
OCTOSPI2.ClockMode=HAL_OSPI_CLOCK_MODE_3
OCTOSPI2.ClockPrescaler=3
OCTOSPI2.DeviceSize=23
OCTOSPI2.DeviceType=SPI_DEVICE_FLASH
OCTOSPI2.IPParameters=DeviceSize,DeviceType,ClockMode,ClockPrescaler,SampleShifting
OCTOSPI2.SampleShifting=HAL_OSPI_SAMPLE_SHIFTING_HALFCYCLE
PA0.Locked=true
PA0.Signal=S_TIM2_CH1_ETR
PA1.Mode=OCTOSPI2_IOL_Port1L
PA1.Signal=OCTOSPIM_P1_IO3
PA10.Locked=true
PA10.Mode=Asynchronous
PA10.Signal=USART1_RX
PA11.Locked=true
PA11.Mode=Device_Only_FS
PA11.Signal=USB_OTG_HS_DM
PA12.Locked=true
PA12.Mode=Device_Only_FS
PA12.Signal=USB_OTG_HS_DP
PA13(JTMS/SWDIO).Locked=true
PA13(JTMS/SWDIO).Mode=Serial_Wire
PA13(JTMS/SWDIO).Signal=DEBUG_JTMS-SWDIO
PA14(JTCK/SWCLK).Locked=true
PA14(JTCK/SWCLK).Mode=Serial_Wire
PA14(JTCK/SWCLK).Signal=DEBUG_JTCK-SWCLK
PA15(JTDI).GPIOParameters=GPIO_Label
PA15(JTDI).GPIO_Label=KEY
PA15(JTDI).Locked=true
PA15(JTDI).Signal=GPXTI15
PA2.Locked=true
PA2.Signal=S_TIM2_CH3
PA3.Mode=OCTOSPI2_IOL_Port1L
PA3.Signal=OCTOSPIM_P1_IO2
PA4.Locked=true
PA4.Mode=Slave_8_bits_External_Synchro
PA4.Signal=DCMI_HSYNC
PA5.Locked=true
PA5.Mode=TX_Only_Simplex_Unidirect_Master
PA5.Signal=SPI6_SCK
PA6.Locked=true
PA6.Mode=Slave_8_bits_External_Synchro
PA6.Signal=DCMI_PIXCLK
PA7.Locked=true
PA7.Mode=TX_Only_Simplex_Unidirect_Master
PA7.Signal=SPI6_MOSI
PA8.Locked=true
PA8.Mode=Clock-out-1
PA8.Signal=RCC_MCO_1
PA9.Locked=true
PA9.Mode=Asynchronous
PA9.Signal=USART1_TX
PB0.Locked=true
PB0.Mode=OCTOSPI2_IOL_Port1L
PB0.Signal=OCTOSPIM_P1_IO1
PB1.GPIOParameters=GPIO_Label
PB1.GPIO_Label=IMU_TEMP
PB1.Locked=true
PB1.Signal=S_TIM3_CH4
PB10.Locked=true
PB10.Mode=I2C
PB10.Signal=I2C2_SCL
PB11.Locked=true
PB11.Mode=I2C
PB11.Signal=I2C2_SDA
PB13.Locked=true
PB13.Mode=Full_Duplex_Master
PB13.Signal=SPI2_SCK
PB14.Locked=true
PB14.Mode=Hardware Flow Control (RS485)
PB14.Signal=USART3_DE
PB15.GPIOParameters=GPIO_Label
PB15.GPIO_Label=BUZZER
PB15.Locked=true
PB15.Signal=S_TIM12_CH2
PB2.Locked=true
PB2.Mode=O2_P1_CLK
PB2.Signal=OCTOSPIM_P1_CLK
PB3(JTDO/TRACESWO).Locked=true
PB3(JTDO/TRACESWO).Mode=Full_Duplex_Master
PB3(JTDO/TRACESWO).Signal=SPI1_SCK
PB4(NJTRST).Locked=true
PB4(NJTRST).Mode=Full_Duplex_Master
PB4(NJTRST).Signal=SPI1_MISO
PB5.Locked=true
PB5.Mode=FDCAN_Activate
PB5.Signal=FDCAN2_RX
PB6.Locked=true
PB6.Mode=FDCAN_Activate
PB6.Signal=FDCAN2_TX
PB7.Locked=true
PB7.Mode=Slave_8_bits_External_Synchro
PB7.Signal=DCMI_VSYNC
PC0.GPIOParameters=GPIO_Label
PC0.GPIO_Label=SPI2_CS1
PC0.Locked=true
PC0.Signal=GPIO_Output
PC1.Locked=true
PC1.Mode=Full_Duplex_Master
PC1.Signal=SPI2_MOSI
PC10.Mode=Full_Duplex_Master
PC10.Signal=SPI3_SCK
PC11.Mode=Full_Duplex_Master
PC11.Signal=SPI3_MISO
PC12.Mode=Full_Duplex_Master
PC12.Signal=SPI3_MOSI
PC13.GPIOParameters=GPIO_Label
PC13.GPIO_Label=POWER_EN1
PC13.Locked=true
PC13.Signal=GPIO_Output
PC14-OSC32_IN.GPIOParameters=GPIO_Label
PC14-OSC32_IN.GPIO_Label=POWER_EN2
PC14-OSC32_IN.Locked=true
PC14-OSC32_IN.Signal=GPIO_Output
PC15-OSC32_OUT.GPIOParameters=GPIO_Label
PC15-OSC32_OUT.GPIO_Label=POWER_5V
PC15-OSC32_OUT.Locked=true
PC15-OSC32_OUT.Signal=GPIO_Output
PC2_C.Locked=true
PC2_C.Mode=Full_Duplex_Master
PC2_C.Signal=SPI2_MISO
PC3_C.GPIOParameters=GPIO_Label
PC3_C.GPIO_Label=SPI2_CS2
PC3_C.Locked=true
PC3_C.Signal=GPIO_Output
PC4.Locked=true
PC4.Signal=ADCx_INP4
PC5.GPIOParameters=GPIO_Label
PC5.GPIO_Label=DCMI_PWRDOWN
PC5.Locked=true
PC5.Signal=GPIO_Output
PC6.Locked=true
PC6.Mode=Slave_8_bits_External_Synchro
PC6.Signal=DCMI_D0
PC7.Locked=true
PC7.Mode=Slave_8_bits_External_Synchro
PC7.Signal=DCMI_D1
PC8.Locked=true
PC8.Mode=Slave_8_bits_External_Synchro
PC8.Signal=DCMI_D2
PC9.Locked=true
PC9.Mode=Slave_8_bits_External_Synchro
PC9.Signal=DCMI_D3
PD0.Locked=true
PD0.Mode=FDCAN_Activate
PD0.Signal=FDCAN1_RX
PD1.Locked=true
PD1.Mode=FDCAN_Activate
PD1.Signal=FDCAN1_TX
PD11.Locked=true
PD11.Mode=OCTOSPI2_IOL_Port1L
PD11.Signal=OCTOSPIM_P1_IO0
PD12.Locked=true
PD12.Mode=FDCAN_Activate
PD12.Signal=FDCAN3_RX
PD13.Locked=true
PD13.Mode=FDCAN_Activate
PD13.Signal=FDCAN3_TX
PD14.Locked=true
PD14.Mode=Asynchronous
PD14.Signal=UART9_RX
PD15.Locked=true
PD15.Mode=Asynchronous
PD15.Signal=UART9_TX
PD2.GPIOParameters=GPIO_Label
PD2.GPIO_Label=DBUS
PD2.Locked=true
PD2.Signal=UART5_RX
PD3.Locked=true
PD3.Mode=Slave_8_bits_External_Synchro
PD3.Signal=DCMI_D5
PD4.Locked=true
PD4.Mode=Hardware Flow Control (RS485)
PD4.Signal=USART2_DE
PD5.Locked=true
PD5.Mode=Asynchronous
PD5.Signal=USART2_TX
PD6.Locked=true
PD6.Mode=Asynchronous
PD6.Signal=USART2_RX
PD7.Locked=true
PD7.Mode=Full_Duplex_Master
PD7.Signal=SPI1_MOSI
PD8.Locked=true
PD8.Mode=Asynchronous
PD8.Signal=USART3_TX
PD9.Locked=true
PD9.Mode=Asynchronous
PD9.Signal=USART3_RX
PE0.Locked=true
PE0.Mode=Asynchronous
PE0.Signal=UART8_RX
PE1.Locked=true
PE1.Mode=Asynchronous
PE1.Signal=UART8_TX
PE10.GPIOParameters=GPIO_Label
PE10.GPIO_Label=Accel_INT
PE10.Locked=true
PE10.Signal=GPXTI10
PE11.Locked=true
PE11.Mode=OCTOSPI2_Port1_NCS
PE11.Signal=OCTOSPIM_P1_NCS
PE12.GPIOParameters=GPIO_Label
PE12.GPIO_Label=Gyro_INT
PE12.Locked=true
PE12.Signal=GPXTI12
PE13.Locked=true
PE13.Signal=S_TIM1_CH3
PE15.GPIOParameters=GPIO_Label
PE15.GPIO_Label=SPI1_CS
PE15.Locked=true
PE15.Signal=GPIO_Output
PE2.Locked=true
PE2.Mode=Asynchronous
PE2.Signal=USART10_RX
PE3.Locked=true
PE3.Mode=Asynchronous
PE3.Signal=USART10_TX
PE4.Locked=true
PE4.Mode=Slave_8_bits_External_Synchro
PE4.Signal=DCMI_D4
PE5.Locked=true
PE5.Mode=Slave_8_bits_External_Synchro
PE5.Signal=DCMI_D6
PE6.Locked=true
PE6.Mode=Slave_8_bits_External_Synchro
PE6.Signal=DCMI_D7
PE7.Locked=true
PE7.Mode=Asynchronous
PE7.Signal=UART7_RX
PE8.Locked=true
PE8.Mode=Asynchronous
PE8.Signal=UART7_TX
PE9.Locked=true
PE9.Signal=S_TIM1_CH1
PH0-OSC_IN.Mode=HSE-External-Oscillator
PH0-OSC_IN.Signal=RCC_OSC_IN
PH1-OSC_OUT.Mode=HSE-External-Oscillator
PH1-OSC_OUT.Signal=RCC_OSC_OUT
PinOutPanel.RotationAngle=0
ProjectManager.AskForMigrate=true
ProjectManager.BackupPrevious=false
ProjectManager.CompilerOptimize=6
ProjectManager.ComputerToolchain=false
ProjectManager.CoupleFile=true
ProjectManager.CustomerFirmwarePackage=
ProjectManager.DefaultFWLocation=true
ProjectManager.DeletePrevious=true
ProjectManager.DeviceId=STM32H723VGTx
ProjectManager.FirmwarePackage=STM32Cube FW_H7 V1.11.1
ProjectManager.FreePins=false
ProjectManager.HalAssertFull=false
ProjectManager.HeapSize=0x1000
ProjectManager.KeepUserCode=true
ProjectManager.LastFirmware=true
ProjectManager.LibraryCopy=1
ProjectManager.MainLocation=Core/Src
ProjectManager.NoMain=false
ProjectManager.PreviousToolchain=STM32CubeIDE
ProjectManager.ProjectBuild=false
ProjectManager.ProjectFileName=DM_MC02_general.ioc
ProjectManager.ProjectName=DM_MC02_general
ProjectManager.ProjectStructure=
ProjectManager.RegisterCallBack=ADC,FDCAN,I2C,OSPI,SPI,TIM,UART,USART
ProjectManager.StackSize=0x2000
ProjectManager.TargetToolchain=Makefile
ProjectManager.ToolChainLocation=
ProjectManager.UAScriptAfterPath=
ProjectManager.UAScriptBeforePath=
ProjectManager.UnderRoot=false
ProjectManager.functionlistsort=1-SystemClock_Config-RCC-false-HAL-false,2-MX_GPIO_Init-GPIO-false-HAL-true,3-MX_DMA_Init-DMA-false-HAL-true,4-MX_FDCAN1_Init-FDCAN1-false-HAL-true,5-MX_FDCAN2_Init-FDCAN2-false-HAL-true,6-MX_FDCAN3_Init-FDCAN3-false-HAL-true,7-MX_I2C2_Init-I2C2-false-HAL-true,8-MX_SPI1_Init-SPI1-false-HAL-true,9-MX_SPI2_Init-SPI2-false-HAL-true,10-MX_SPI6_Init-SPI6-false-HAL-true,11-MX_TIM1_Init-TIM1-false-HAL-true,12-MX_TIM2_Init-TIM2-false-HAL-true,13-MX_TIM3_Init-TIM3-false-HAL-true,14-MX_UART7_Init-UART7-false-HAL-true,15-MX_UART8_Init-UART8-false-HAL-true,16-MX_UART9_Init-UART9-false-HAL-true,17-MX_USART1_UART_Init-USART1-false-HAL-true,18-MX_USART2_UART_Init-USART2-false-HAL-true,19-MX_USART3_UART_Init-USART3-false-HAL-true,20-MX_USART10_UART_Init-USART10-false-HAL-true,21-MX_DCMI_Init-DCMI-false-HAL-true,22-MX_OCTOSPI2_Init-OCTOSPI2-false-HAL-true,23-MX_TIM12_Init-TIM12-false-HAL-true,24-MX_ADC1_Init-ADC1-false-HAL-true,25-MX_USB_DEVICE_Init-USB_DEVICE-false-HAL-false,26-MX_SPI3_Init-SPI3-false-HAL-true,27-MX_TIM23_Init-TIM23-false-HAL-true,28-MX_TIM24_Init-TIM24-false-HAL-true,0-MX_CORTEX_M7_Init-CORTEX_M7-false-HAL-true
RCC.ADCCLockSelection=RCC_ADCCLKSOURCE_PLL3
RCC.ADCFreq_Value=48000000
RCC.AHB12Freq_Value=270000000
RCC.AHB4Freq_Value=270000000
RCC.APB1Freq_Value=135000000
RCC.APB2Freq_Value=135000000
RCC.APB3Freq_Value=135000000
RCC.APB4Freq_Value=135000000
RCC.AXIClockFreq_Value=270000000
RCC.CECFreq_Value=32000
RCC.CKPERFreq_Value=64000000
RCC.CortexFreq_Value=540000000
RCC.CpuClockFreq_Value=540000000
RCC.D1CPREFreq_Value=540000000
RCC.D1PPRE=RCC_APB3_DIV2
RCC.D2PPRE1=RCC_APB1_DIV2
RCC.D2PPRE2=RCC_APB2_DIV2
RCC.D3PPRE=RCC_APB4_DIV2
RCC.DFSDMACLkFreq_Value=270000000
RCC.DFSDMFreq_Value=135000000
RCC.DIVM1=2
RCC.DIVM2=24
RCC.DIVM3=24
RCC.DIVN1=45
RCC.DIVN2=168
RCC.DIVN3=192
RCC.DIVP1=1
RCC.DIVP1Freq_Value=540000000
RCC.DIVP2=1
RCC.DIVP2Freq_Value=168000000
RCC.DIVP3=4
RCC.DIVP3Freq_Value=48000000
RCC.DIVQ1Freq_Value=270000000
RCC.DIVQ2Freq_Value=84000000
RCC.DIVQ3=4
RCC.DIVQ3Freq_Value=48000000
RCC.DIVR1Freq_Value=270000000
RCC.DIVR2Freq_Value=84000000
RCC.DIVR3=4
RCC.DIVR3Freq_Value=48000000
RCC.FDCANCLockSelection=RCC_FDCANCLKSOURCE_PLL2
RCC.FDCANFreq_Value=84000000
RCC.FLatency-AdvancedSettings=FLASH_LATENCY_3
RCC.FMCFreq_Value=270000000
RCC.FamilyName=M
RCC.HCLK3ClockFreq_Value=270000000
RCC.HCLKFreq_Value=270000000
RCC.HPRE=RCC_HCLK_DIV2
RCC.HSE_VALUE=24000000
RCC.I2C123CLockSelection=RCC_I2C1235CLKSOURCE_PLL3
RCC.I2C123Freq_Value=48000000
RCC.I2C4Enable-ClockTree=true
RCC.I2C4Freq_Value=135000000
RCC.IPParameters=ADCCLockSelection,ADCFreq_Value,AHB12Freq_Value,AHB4Freq_Value,APB1Freq_Value,APB2Freq_Value,APB3Freq_Value,APB4Freq_Value,AXIClockFreq_Value,CECFreq_Value,CKPERFreq_Value,CortexFreq_Value,CpuClockFreq_Value,D1CPREFreq_Value,D1PPRE,D2PPRE1,D2PPRE2,D3PPRE,DFSDMACLkFreq_Value,DFSDMFreq_Value,DIVM1,DIVM2,DIVM3,DIVN1,DIVN2,DIVN3,DIVP1,DIVP1Freq_Value,DIVP2,DIVP2Freq_Value,DIVP3,DIVP3Freq_Value,DIVQ1Freq_Value,DIVQ2Freq_Value,DIVQ3,DIVQ3Freq_Value,DIVR1Freq_Value,DIVR2Freq_Value,DIVR3,DIVR3Freq_Value,FDCANCLockSelection,FDCANFreq_Value,FLatency-AdvancedSettings,FMCFreq_Value,FamilyName,HCLK3ClockFreq_Value,HCLKFreq_Value,HPRE,HSE_VALUE,I2C123CLockSelection,I2C123Freq_Value,I2C4Enable-ClockTree,I2C4Freq_Value,LPTIM1Freq_Value,LPTIM2Freq_Value,LPTIM345Freq_Value,LPUART1Freq_Value,LTDCFreq_Value,MCO1PinFreq_Value,MCO2PinFreq_Value,PLL1_VCI_Range-AdvancedSettings,PLL1_VCO_SEL-AdvancedSettings,PLL2FRACN,PLL2_VCI_Range-AdvancedSettings,PLL3FRACN,PLLFRACN,PLLSourceVirtual,QSPIFreq_Value,RNGFreq_Value,RTCFreq_Value,SAI1Freq_Value,SAI4AFreq_Value,SAI4BFreq_Value,SDMMCFreq_Value,SPDIFRXFreq_Value,SPI123CLockSelection,SPI123Freq_Value,SPI45Freq_Value,SPI6CLockSelection,SPI6Freq_Value,SWPMI1Freq_Value,SYSCLKFreq_VALUE,SYSCLKSource,Tim1OutputFreq_Value,Tim2OutputFreq_Value,TraceFreq_Value,USART16CLockSelection,USART16Freq_Value,USART234578Freq_Value,USBCLockSelection,USBFreq_Value,VCO1OutputFreq_Value,VCO2OutputFreq_Value,VCO3OutputFreq_Value,VCOInput1Freq_Value,VCOInput2Freq_Value,VCOInput3Freq_Value
RCC.LPTIM1Freq_Value=135000000
RCC.LPTIM2Freq_Value=135000000
RCC.LPTIM345Freq_Value=135000000
RCC.LPUART1Freq_Value=135000000
RCC.LTDCFreq_Value=48000000
RCC.MCO1PinFreq_Value=64000000
RCC.MCO2PinFreq_Value=540000000
RCC.PLL1_VCI_Range-AdvancedSettings=RCC_PLL1VCIRANGE_0
RCC.PLL1_VCO_SEL-AdvancedSettings=RCC_PLL1VCOMEDIUM
RCC.PLL2FRACN=0
RCC.PLL2_VCI_Range-AdvancedSettings=RCC_PLL2VCIRANGE_0
RCC.PLL3FRACN=0
RCC.PLLFRACN=0
RCC.PLLSourceVirtual=RCC_PLLSOURCE_HSE
RCC.QSPIFreq_Value=270000000
RCC.RNGFreq_Value=48000000
RCC.RTCFreq_Value=32000
RCC.SAI1Freq_Value=270000000
RCC.SAI4AFreq_Value=270000000
RCC.SAI4BFreq_Value=270000000
RCC.SDMMCFreq_Value=270000000
RCC.SPDIFRXFreq_Value=270000000
RCC.SPI123CLockSelection=RCC_SPI123CLKSOURCE_PLL2
RCC.SPI123Freq_Value=168000000
RCC.SPI45Freq_Value=135000000
RCC.SPI6CLockSelection=RCC_SPI6CLKSOURCE_HSE
RCC.SPI6Freq_Value=24000000
RCC.SWPMI1Freq_Value=135000000
RCC.SYSCLKFreq_VALUE=540000000
RCC.SYSCLKSource=RCC_SYSCLKSOURCE_PLLCLK
RCC.Tim1OutputFreq_Value=270000000
RCC.Tim2OutputFreq_Value=270000000
RCC.TraceFreq_Value=270000000
RCC.USART16CLockSelection=RCC_USART16910CLKSOURCE_PLL2
RCC.USART16Freq_Value=84000000
RCC.USART234578Freq_Value=135000000
RCC.USBCLockSelection=RCC_USBCLKSOURCE_PLL3
RCC.USBFreq_Value=48000000
RCC.VCO1OutputFreq_Value=540000000
RCC.VCO2OutputFreq_Value=168000000
RCC.VCO3OutputFreq_Value=192000000
RCC.VCOInput1Freq_Value=12000000
RCC.VCOInput2Freq_Value=1000000
RCC.VCOInput3Freq_Value=1000000
SH.ADCx_INP4.0=ADC1_INP4,IN4-Single-Ended
SH.ADCx_INP4.ConfNb=1
SH.GPXTI10.0=GPIO_EXTI10
SH.GPXTI10.ConfNb=1
SH.GPXTI12.0=GPIO_EXTI12
SH.GPXTI12.ConfNb=1
SH.GPXTI15.0=GPIO_EXTI15
SH.GPXTI15.ConfNb=1
SH.S_TIM12_CH2.0=TIM12_CH2,PWM Generation2 CH2
SH.S_TIM12_CH2.ConfNb=1
SH.S_TIM1_CH1.0=TIM1_CH1,PWM Generation1 CH1
SH.S_TIM1_CH1.ConfNb=1
SH.S_TIM1_CH3.0=TIM1_CH3,PWM Generation3 CH3
SH.S_TIM1_CH3.ConfNb=1
SH.S_TIM2_CH1_ETR.0=TIM2_CH1,PWM Generation1 CH1
SH.S_TIM2_CH1_ETR.ConfNb=1
SH.S_TIM2_CH3.0=TIM2_CH3,PWM Generation3 CH3
SH.S_TIM2_CH3.ConfNb=1
SH.S_TIM3_CH4.0=TIM3_CH4,PWM Generation4 CH4
SH.S_TIM3_CH4.ConfNb=1
SPI1.CalculateBaudRate=84.0 MBits/s
SPI1.Direction=SPI_DIRECTION_2LINES
SPI1.IPParameters=VirtualType,Mode,Direction,CalculateBaudRate
SPI1.Mode=SPI_MODE_MASTER
SPI1.VirtualType=VM_MASTER
SPI2.CalculateBaudRate=84.0 MBits/s
SPI2.Direction=SPI_DIRECTION_2LINES
SPI2.IPParameters=VirtualType,Mode,Direction,CalculateBaudRate
SPI2.Mode=SPI_MODE_MASTER
SPI2.VirtualType=VM_MASTER
SPI3.CalculateBaudRate=84.0 MBits/s
SPI3.Direction=SPI_DIRECTION_2LINES
SPI3.IPParameters=VirtualType,Mode,Direction,CalculateBaudRate
SPI3.Mode=SPI_MODE_MASTER
SPI3.VirtualType=VM_MASTER
SPI6.BaudRatePrescaler=SPI_BAUDRATEPRESCALER_4
SPI6.CLKPhase=SPI_PHASE_2EDGE
SPI6.CalculateBaudRate=6.0 MBits/s
SPI6.Direction=SPI_DIRECTION_2LINES_TXONLY
SPI6.IPParameters=VirtualType,Mode,Direction,CalculateBaudRate,BaudRatePrescaler,CLKPhase
SPI6.Mode=SPI_MODE_MASTER
SPI6.VirtualType=VM_MASTER
TIM1.Channel-PWM\ Generation1\ CH1=TIM_CHANNEL_1
TIM1.Channel-PWM\ Generation3\ CH3=TIM_CHANNEL_3
TIM1.IPParameters=Channel-PWM Generation1 CH1,Channel-PWM Generation3 CH3,Prescaler,Period,Pulse-PWM Generation1 CH1,Pulse-PWM Generation3 CH3
TIM1.Period=19999
TIM1.Prescaler=269
TIM1.Pulse-PWM\ Generation1\ CH1=2000
TIM1.Pulse-PWM\ Generation3\ CH3=2000
TIM12.Channel-PWM\ Generation2\ CH2=TIM_CHANNEL_2
TIM12.IPParameters=Channel-PWM Generation2 CH2,Prescaler
TIM12.Prescaler=269
TIM2.Channel-PWM\ Generation1\ CH1=TIM_CHANNEL_1
TIM2.Channel-PWM\ Generation3\ CH3=TIM_CHANNEL_3
TIM2.IPParameters=Channel-PWM Generation1 CH1,Channel-PWM Generation3 CH3,Prescaler,Period,Pulse-PWM Generation1 CH1,Pulse-PWM Generation3 CH3
TIM2.Period=19999
TIM2.Prescaler=269
TIM2.Pulse-PWM\ Generation1\ CH1=2000
TIM2.Pulse-PWM\ Generation3\ CH3=2000
TIM3.Channel-PWM\ Generation4\ CH4=TIM_CHANNEL_4
TIM3.IPParameters=Channel-PWM Generation4 CH4,Period
TIM3.Period=4999
USART1.IPParameters=VirtualMode-Asynchronous
USART1.VirtualMode-Asynchronous=VM_ASYNC
USART10.IPParameters=VirtualMode
USART10.VirtualMode=VM_ASYNC
USART2.IPParameters=VirtualMode-Asynchronous,VirtualMode-Hardware Flow Control (RS485)
USART2.VirtualMode-Asynchronous=VM_ASYNC
USART2.VirtualMode-Hardware\ Flow\ Control\ (RS485)=VM_ASYNC
USART3.IPParameters=VirtualMode-Asynchronous,VirtualMode-Hardware Flow Control (RS485)
USART3.VirtualMode-Asynchronous=VM_ASYNC
USART3.VirtualMode-Hardware\ Flow\ Control\ (RS485)=VM_ASYNC
USB_DEVICE.CLASS_NAME_HS=CDC
USB_DEVICE.IPParameters=VirtualMode,VirtualModeHS,CLASS_NAME_HS
USB_DEVICE.VirtualMode=Cdc
USB_DEVICE.VirtualModeHS=Cdc_HS
USB_OTG_HS.IPParameters=VirtualMode-Device_Only_FS,lpm_enable-Device_Only_FS,dma_enable-Device_Only_FS,low_power_enable-Device_Only_FS,use_dedicated_ep1-Device_Only_FS
USB_OTG_HS.VirtualMode-Device_Only_FS=Device_Only_FS
USB_OTG_HS.dma_enable-Device_Only_FS=DISABLE
USB_OTG_HS.low_power_enable-Device_Only_FS=DISABLE
USB_OTG_HS.lpm_enable-Device_Only_FS=DISABLE
USB_OTG_HS.use_dedicated_ep1-Device_Only_FS=DISABLE
VP_FREERTOS_VS_CMSIS_V2.Mode=CMSIS_V2
VP_FREERTOS_VS_CMSIS_V2.Signal=FREERTOS_VS_CMSIS_V2
VP_OCTOSPI2_VS_quad.Mode=quad_mode
VP_OCTOSPI2_VS_quad.Signal=OCTOSPI2_VS_quad
VP_SYS_VS_tim17.Mode=TIM17
VP_SYS_VS_tim17.Signal=SYS_VS_tim17
VP_TIM23_VS_ClockSourceINT.Mode=Internal
VP_TIM23_VS_ClockSourceINT.Signal=TIM23_VS_ClockSourceINT
VP_TIM24_VS_ClockSourceINT.Mode=Internal
VP_TIM24_VS_ClockSourceINT.Signal=TIM24_VS_ClockSourceINT
VP_USB_DEVICE_VS_USB_DEVICE_CDC_HS.Mode=CDC_HS
VP_USB_DEVICE_VS_USB_DEVICE_CDC_HS.Signal=USB_DEVICE_VS_USB_DEVICE_CDC_HS
board=custom
rtos.0.ip=FREERTOS
